
Microsoft Visual Studio Solution File, Format Version 12.00
# Visual Studio Version 16
VisualStudioVersion = 16.0.30523.141
MinimumVisualStudioVersion = 10.0.40219.1
Project("{FAE04EC0-301F-11D3-BF4B-00C04F79EFBC}") = "Gradinaru_Alexandra_Lab5NewProject", "Gradinaru_Alexandra_Lab5NewProject.csproj", "{3A8F491E-94F0-4550-99AD-7D577364711E}"
EndProject
Global
	GlobalSection(SolutionConfigurationPlatforms) = preSolution
		Debug|Any CPU = Debug|Any CPU
		Release|Any CPU = Release|Any CPU
	EndGlobalSection
	GlobalSection(ProjectConfigurationPlatforms) = postSolution
		{3A8F491E-94F0-4550-99AD-7D577364711E}.Debug|Any CPU.ActiveCfg = Debug|Any CPU
		{3A8F491E-94F0-4550-99AD-7D577364711E}.Debug|Any CPU.Build.0 = Debug|Any CPU
		{3A8F491E-94F0-4550-99AD-7D577364711E}.Release|Any CPU.ActiveCfg = Release|Any CPU
		{3A8F491E-94F0-4550-99AD-7D577364711E}.Release|Any CPU.Build.0 = Release|Any CPU
	EndGlobalSection
	GlobalSection(SolutionProperties) = preSolution
		HideSolutionNode = FALSE
	EndGlobalSection
	GlobalSection(ExtensibilityGlobals) = postSolution
		SolutionGuid = {8FB1F454-C7C0-4901-9FBA-F7458B4810BD}
	EndGlobalSection
EndGlobal
